
Microsoft Visual Studio Solution File, Format Version 12.00
# Visual Studio Version 17
VisualStudioVersion = 17.0.31903.59
MinimumVisualStudioVersion = 10.0.40219.1
Project("{2150E333-8FDC-42A3-9474-1A3956D46DE8}") = "src", "src", "{827E0CD3-B72D-47B6-A68D-7590B98EB39B}"
EndProject
Project("{F2A71F9B-5D33-465A-A702-920D77279786}") = "Falco.Htmx", "src\Falco.Htmx\Falco.Htmx.fsproj", "{6CD7E5C5-5C55-4059-82CB-CFF8FB881268}"
EndProject
Project("{2150E333-8FDC-42A3-9474-1A3956D46DE8}") = "test", "test", "{0C88DD14-F956-CE84-757C-A364CCF449FC}"
EndProject
Project("{F2A71F9B-5D33-465A-A702-920D77279786}") = "Falco.Htmx.Tests", "test\Falco.Htmx.Tests\Falco.Htmx.Tests.fsproj", "{AAB95980-A6BC-4375-9535-8E86FD0AB989}"
EndProject
Project("{F2A71F9B-5D33-465A-A702-920D77279786}") = "Falco.Htmx.IntegrationTests.App", "test\Falco.Htmx.IntegrationTests.App\Falco.Htmx.IntegrationTests.App.fsproj", "{B6F15EA0-B658-467C-AAF0-C950B8968D98}"
EndProject
Project("{F2A71F9B-5D33-465A-A702-920D77279786}") = "Falco.Htmx.IntegrationTests", "test\Falco.Htmx.IntegrationTests\Falco.Htmx.IntegrationTests.fsproj", "{4A733E0C-6959-4A91-B654-55D02D5F1973}"
EndProject
Global
	GlobalSection(SolutionConfigurationPlatforms) = preSolution
		Debug|Any CPU = Debug|Any CPU
		Debug|x64 = Debug|x64
		Debug|x86 = Debug|x86
		Release|Any CPU = Release|Any CPU
		Release|x64 = Release|x64
		Release|x86 = Release|x86
	EndGlobalSection
	GlobalSection(ProjectConfigurationPlatforms) = postSolution
		{6CD7E5C5-5C55-4059-82CB-CFF8FB881268}.Debug|Any CPU.ActiveCfg = Debug|Any CPU
		{6CD7E5C5-5C55-4059-82CB-CFF8FB881268}.Debug|Any CPU.Build.0 = Debug|Any CPU
		{6CD7E5C5-5C55-4059-82CB-CFF8FB881268}.Debug|x64.ActiveCfg = Debug|Any CPU
		{6CD7E5C5-5C55-4059-82CB-CFF8FB881268}.Debug|x64.Build.0 = Debug|Any CPU
		{6CD7E5C5-5C55-4059-82CB-CFF8FB881268}.Debug|x86.ActiveCfg = Debug|Any CPU
		{6CD7E5C5-5C55-4059-82CB-CFF8FB881268}.Debug|x86.Build.0 = Debug|Any CPU
		{6CD7E5C5-5C55-4059-82CB-CFF8FB881268}.Release|Any CPU.ActiveCfg = Release|Any CPU
		{6CD7E5C5-5C55-4059-82CB-CFF8FB881268}.Release|Any CPU.Build.0 = Release|Any CPU
		{6CD7E5C5-5C55-4059-82CB-CFF8FB881268}.Release|x64.ActiveCfg = Release|Any CPU
		{6CD7E5C5-5C55-4059-82CB-CFF8FB881268}.Release|x64.Build.0 = Release|Any CPU
		{6CD7E5C5-5C55-4059-82CB-CFF8FB881268}.Release|x86.ActiveCfg = Release|Any CPU
		{6CD7E5C5-5C55-4059-82CB-CFF8FB881268}.Release|x86.Build.0 = Release|Any CPU
		{AAB95980-A6BC-4375-9535-8E86FD0AB989}.Debug|Any CPU.ActiveCfg = Debug|Any CPU
		{AAB95980-A6BC-4375-9535-8E86FD0AB989}.Debug|Any CPU.Build.0 = Debug|Any CPU
		{AAB95980-A6BC-4375-9535-8E86FD0AB989}.Debug|x64.ActiveCfg = Debug|Any CPU
		{AAB95980-A6BC-4375-9535-8E86FD0AB989}.Debug|x64.Build.0 = Debug|Any CPU
		{AAB95980-A6BC-4375-9535-8E86FD0AB989}.Debug|x86.ActiveCfg = Debug|Any CPU
		{AAB95980-A6BC-4375-9535-8E86FD0AB989}.Debug|x86.Build.0 = Debug|Any CPU
		{AAB95980-A6BC-4375-9535-8E86FD0AB989}.Release|Any CPU.ActiveCfg = Release|Any CPU
		{AAB95980-A6BC-4375-9535-8E86FD0AB989}.Release|Any CPU.Build.0 = Release|Any CPU
		{AAB95980-A6BC-4375-9535-8E86FD0AB989}.Release|x64.ActiveCfg = Release|Any CPU
		{AAB95980-A6BC-4375-9535-8E86FD0AB989}.Release|x64.Build.0 = Release|Any CPU
		{AAB95980-A6BC-4375-9535-8E86FD0AB989}.Release|x86.ActiveCfg = Release|Any CPU
		{AAB95980-A6BC-4375-9535-8E86FD0AB989}.Release|x86.Build.0 = Release|Any CPU
		{B6F15EA0-B658-467C-AAF0-C950B8968D98}.Debug|Any CPU.ActiveCfg = Debug|Any CPU
		{B6F15EA0-B658-467C-AAF0-C950B8968D98}.Debug|Any CPU.Build.0 = Debug|Any CPU
		{B6F15EA0-B658-467C-AAF0-C950B8968D98}.Debug|x64.ActiveCfg = Debug|Any CPU
		{B6F15EA0-B658-467C-AAF0-C950B8968D98}.Debug|x64.Build.0 = Debug|Any CPU
		{B6F15EA0-B658-467C-AAF0-C950B8968D98}.Debug|x86.ActiveCfg = Debug|Any CPU
		{B6F15EA0-B658-467C-AAF0-C950B8968D98}.Debug|x86.Build.0 = Debug|Any CPU
		{B6F15EA0-B658-467C-AAF0-C950B8968D98}.Release|Any CPU.ActiveCfg = Release|Any CPU
		{B6F15EA0-B658-467C-AAF0-C950B8968D98}.Release|Any CPU.Build.0 = Release|Any CPU
		{B6F15EA0-B658-467C-AAF0-C950B8968D98}.Release|x64.ActiveCfg = Release|Any CPU
		{B6F15EA0-B658-467C-AAF0-C950B8968D98}.Release|x64.Build.0 = Release|Any CPU
		{B6F15EA0-B658-467C-AAF0-C950B8968D98}.Release|x86.ActiveCfg = Release|Any CPU
		{B6F15EA0-B658-467C-AAF0-C950B8968D98}.Release|x86.Build.0 = Release|Any CPU
		{4A733E0C-6959-4A91-B654-55D02D5F1973}.Debug|Any CPU.ActiveCfg = Debug|Any CPU
		{4A733E0C-6959-4A91-B654-55D02D5F1973}.Debug|Any CPU.Build.0 = Debug|Any CPU
		{4A733E0C-6959-4A91-B654-55D02D5F1973}.Debug|x64.ActiveCfg = Debug|Any CPU
		{4A733E0C-6959-4A91-B654-55D02D5F1973}.Debug|x64.Build.0 = Debug|Any CPU
		{4A733E0C-6959-4A91-B654-55D02D5F1973}.Debug|x86.ActiveCfg = Debug|Any CPU
		{4A733E0C-6959-4A91-B654-55D02D5F1973}.Debug|x86.Build.0 = Debug|Any CPU
		{4A733E0C-6959-4A91-B654-55D02D5F1973}.Release|Any CPU.ActiveCfg = Release|Any CPU
		{4A733E0C-6959-4A91-B654-55D02D5F1973}.Release|Any CPU.Build.0 = Release|Any CPU
		{4A733E0C-6959-4A91-B654-55D02D5F1973}.Release|x64.ActiveCfg = Release|Any CPU
		{4A733E0C-6959-4A91-B654-55D02D5F1973}.Release|x64.Build.0 = Release|Any CPU
		{4A733E0C-6959-4A91-B654-55D02D5F1973}.Release|x86.ActiveCfg = Release|Any CPU
		{4A733E0C-6959-4A91-B654-55D02D5F1973}.Release|x86.Build.0 = Release|Any CPU
	EndGlobalSection
	GlobalSection(SolutionProperties) = preSolution
		HideSolutionNode = FALSE
	EndGlobalSection
	GlobalSection(NestedProjects) = preSolution
		{6CD7E5C5-5C55-4059-82CB-CFF8FB881268} = {827E0CD3-B72D-47B6-A68D-7590B98EB39B}
		{AAB95980-A6BC-4375-9535-8E86FD0AB989} = {0C88DD14-F956-CE84-757C-A364CCF449FC}
		{B6F15EA0-B658-467C-AAF0-C950B8968D98} = {0C88DD14-F956-CE84-757C-A364CCF449FC}
		{4A733E0C-6959-4A91-B654-55D02D5F1973} = {0C88DD14-F956-CE84-757C-A364CCF449FC}
	EndGlobalSection
EndGlobal
